
Microsoft Visual Studio Solution File, Format Version 12.00
# Visual Studio Version 17
VisualStudioVersion = 17.0.31903.59
MinimumVisualStudioVersion = 10.0.40219.1
Project("{FAE04EC0-301F-11D3-BF4B-00C04F79EFBC}") = "SportsEquipmentShop", "SportsEquipmentShop.csproj", "{CC0C10FD-32C9-4DB9-A32C-838F73F9C12C}"
EndProject
Global
	GlobalSection(SolutionConfigurationPlatforms) = preSolution
		Debug|Any CPU = Debug|Any CPU
		Release|Any CPU = Release|Any CPU
	EndGlobalSection
	GlobalSection(ProjectConfigurationPlatforms) = postSolution
		{CC0C10FD-32C9-4DB9-A32C-838F73F9C12C}.Debug|Any CPU.ActiveCfg = Debug|Any CPU
		{CC0C10FD-32C9-4DB9-A32C-838F73F9C12C}.Debug|Any CPU.Build.0 = Debug|Any CPU
		{CC0C10FD-32C9-4DB9-A32C-838F73F9C12C}.Release|Any CPU.ActiveCfg = Release|Any CPU
		{CC0C10FD-32C9-4DB9-A32C-838F73F9C12C}.Release|Any CPU.Build.0 = Release|Any CPU
	EndGlobalSection
	GlobalSection(SolutionProperties) = preSolution
		HideSolutionNode = FALSE
	EndGlobalSection
	GlobalSection(ExtensibilityGlobals) = postSolution
		SolutionGuid = {18E8B158-B407-4201-95A8-D9C56F4793EA}
	EndGlobalSection
EndGlobal
